// !$*UTF8*$!
{
	archiveVersion = 1;
	classes = {
	};
	objectVersion = 46;
	objects = {

/* Begin PBXBuildFile section */
		B93A7A2E1BD7FC7F006268F2 /* JWLrcCell.m in Sources */ = {isa = PBXBuildFile; fileRef = B93A7A2D1BD7FC7F006268F2 /* JWLrcCell.m */; settings = {ASSET_TAGS = (); }; };
		B93A7A311BD800C3006268F2 /* JWLrcLine.m in Sources */ = {isa = PBXBuildFile; fileRef = B93A7A301BD800C3006268F2 /* JWLrcLine.m */; settings = {ASSET_TAGS = (); }; };
		B93A7A341BD80501006268F2 /* JWLrcTool.m in Sources */ = {isa = PBXBuildFile; fileRef = B93A7A331BD80501006268F2 /* JWLrcTool.m */; settings = {ASSET_TAGS = (); }; };
		B94E80441BD7C9AB004CE4AC /* CALayer+JWExtension.m in Sources */ = {isa = PBXBuildFile; fileRef = B94E80431BD7C9AB004CE4AC /* CALayer+JWExtension.m */; settings = {ASSET_TAGS = (); }; };
		B94E80471BD7D20B004CE4AC /* JWLrcScrollView.m in Sources */ = {isa = PBXBuildFile; fileRef = B94E80461BD7D20B004CE4AC /* JWLrcScrollView.m */; settings = {ASSET_TAGS = (); }; };
		B9E3E5B41BD7268B0053A054 /* DRNRealTimeBlurView.m in Sources */ = {isa = PBXBuildFile; fileRef = B9E3E5851BD7268B0053A054 /* DRNRealTimeBlurView.m */; settings = {ASSET_TAGS = (); }; };
		B9E3E5B51BD7268B0053A054 /* UIImage+BoxBlur.m in Sources */ = {isa = PBXBuildFile; fileRef = B9E3E5871BD7268B0053A054 /* UIImage+BoxBlur.m */; settings = {ASSET_TAGS = (); }; };
		B9E3E5B61BD7268B0053A054 /* MASCompositeConstraint.m in Sources */ = {isa = PBXBuildFile; fileRef = B9E3E58A1BD7268B0053A054 /* MASCompositeConstraint.m */; settings = {ASSET_TAGS = (); }; };
		B9E3E5B71BD7268B0053A054 /* MASConstraint.m in Sources */ = {isa = PBXBuildFile; fileRef = B9E3E58D1BD7268B0053A054 /* MASConstraint.m */; settings = {ASSET_TAGS = (); }; };
		B9E3E5B81BD7268B0053A054 /* MASConstraintMaker.m in Sources */ = {isa = PBXBuildFile; fileRef = B9E3E58F1BD7268B0053A054 /* MASConstraintMaker.m */; settings = {ASSET_TAGS = (); }; };
		B9E3E5B91BD7268B0053A054 /* MASLayoutConstraint.m in Sources */ = {isa = PBXBuildFile; fileRef = B9E3E5911BD7268B0053A054 /* MASLayoutConstraint.m */; settings = {ASSET_TAGS = (); }; };
		B9E3E5BA1BD7268B0053A054 /* MASViewAttribute.m in Sources */ = {isa = PBXBuildFile; fileRef = B9E3E5951BD7268B0053A054 /* MASViewAttribute.m */; settings = {ASSET_TAGS = (); }; };
		B9E3E5BB1BD7268B0053A054 /* MASViewConstraint.m in Sources */ = {isa = PBXBuildFile; fileRef = B9E3E5971BD7268B0053A054 /* MASViewConstraint.m */; settings = {ASSET_TAGS = (); }; };
		B9E3E5BC1BD7268B0053A054 /* NSArray+MASAdditions.m in Sources */ = {isa = PBXBuildFile; fileRef = B9E3E5991BD7268B0053A054 /* NSArray+MASAdditions.m */; settings = {ASSET_TAGS = (); }; };
		B9E3E5BD1BD7268B0053A054 /* NSLayoutConstraint+MASDebugAdditions.m in Sources */ = {isa = PBXBuildFile; fileRef = B9E3E59C1BD7268B0053A054 /* NSLayoutConstraint+MASDebugAdditions.m */; settings = {ASSET_TAGS = (); }; };
		B9E3E5BE1BD7268B0053A054 /* View+MASAdditions.m in Sources */ = {isa = PBXBuildFile; fileRef = B9E3E59E1BD7268B0053A054 /* View+MASAdditions.m */; settings = {ASSET_TAGS = (); }; };
		B9E3E5BF1BD7268B0053A054 /* ViewController+MASAdditions.m in Sources */ = {isa = PBXBuildFile; fileRef = B9E3E5A11BD7268B0053A054 /* ViewController+MASAdditions.m */; settings = {ASSET_TAGS = (); }; };
		B9E3E5C01BD7268B0053A054 /* MJExtensionConst.m in Sources */ = {isa = PBXBuildFile; fileRef = B9E3E5A51BD7268B0053A054 /* MJExtensionConst.m */; settings = {ASSET_TAGS = (); }; };
		B9E3E5C11BD7268B0053A054 /* MJFoundation.m in Sources */ = {isa = PBXBuildFile; fileRef = B9E3E5A71BD7268B0053A054 /* MJFoundation.m */; settings = {ASSET_TAGS = (); }; };
		B9E3E5C21BD7268B0053A054 /* MJProperty.m in Sources */ = {isa = PBXBuildFile; fileRef = B9E3E5A91BD7268B0053A054 /* MJProperty.m */; settings = {ASSET_TAGS = (); }; };
		B9E3E5C31BD7268B0053A054 /* MJType.m in Sources */ = {isa = PBXBuildFile; fileRef = B9E3E5AB1BD7268B0053A054 /* MJType.m */; settings = {ASSET_TAGS = (); }; };
		B9E3E5C41BD7268B0053A054 /* NSObject+MJCoding.m in Sources */ = {isa = PBXBuildFile; fileRef = B9E3E5AD1BD7268B0053A054 /* NSObject+MJCoding.m */; settings = {ASSET_TAGS = (); }; };
		B9E3E5C51BD7268B0053A054 /* NSObject+MJKeyValue.m in Sources */ = {isa = PBXBuildFile; fileRef = B9E3E5AF1BD7268B0053A054 /* NSObject+MJKeyValue.m */; settings = {ASSET_TAGS = (); }; };
		B9E3E5C61BD7268B0053A054 /* NSObject+MJProperty.m in Sources */ = {isa = PBXBuildFile; fileRef = B9E3E5B11BD7268B0053A054 /* NSObject+MJProperty.m */; settings = {ASSET_TAGS = (); }; };
		B9E3E5C71BD7268B0053A054 /* NSString+MJExtension.m in Sources */ = {isa = PBXBuildFile; fileRef = B9E3E5B31BD7268B0053A054 /* NSString+MJExtension.m */; settings = {ASSET_TAGS = (); }; };
		B9E3E5CA1BD726B90053A054 /* JWAudioTool.m in Sources */ = {isa = PBXBuildFile; fileRef = B9E3E5C91BD726B90053A054 /* JWAudioTool.m */; settings = {ASSET_TAGS = (); }; };
		B9E3E5CD1BD73A590053A054 /* JWMusic.m in Sources */ = {isa = PBXBuildFile; fileRef = B9E3E5CC1BD73A590053A054 /* JWMusic.m */; settings = {ASSET_TAGS = (); }; };
		B9E3E5D01BD73A980053A054 /* JWMusicTool.m in Sources */ = {isa = PBXBuildFile; fileRef = B9E3E5CF1BD73A980053A054 /* JWMusicTool.m */; settings = {ASSET_TAGS = (); }; };
		B9E3E5D41BD740B90053A054 /* NSString+JWExtension.m in Sources */ = {isa = PBXBuildFile; fileRef = B9E3E5D31BD740B90053A054 /* NSString+JWExtension.m */; settings = {ASSET_TAGS = (); }; };
		B9E528CF1BD69D9C0005706D /* Main.storyboard in Resources */ = {isa = PBXBuildFile; fileRef = B9E528CD1BD69D9C0005706D /* Main.storyboard */; };
		B9E528D11BD69D9C0005706D /* Assets.xcassets in Resources */ = {isa = PBXBuildFile; fileRef = B9E528D01BD69D9C0005706D /* Assets.xcassets */; };
		B9E528DF1BD69D9C0005706D /* QQMusicTests.m in Sources */ = {isa = PBXBuildFile; fileRef = B9E528DE1BD69D9C0005706D /* QQMusicTests.m */; };
		B9E528EA1BD69D9C0005706D /* QQMusicUITests.m in Sources */ = {isa = PBXBuildFile; fileRef = B9E528E91BD69D9C0005706D /* QQMusicUITests.m */; };
		B9E529001BD6A58D0005706D /* AppDelegate.m in Sources */ = {isa = PBXBuildFile; fileRef = B9E528FC1BD6A58D0005706D /* AppDelegate.m */; settings = {ASSET_TAGS = (); }; };
		B9E529011BD6A58D0005706D /* main.m in Sources */ = {isa = PBXBuildFile; fileRef = B9E528FD1BD6A58D0005706D /* main.m */; settings = {ASSET_TAGS = (); }; };
		B9E5292F1BD6A8880005706D /* bb@2x.jpg in Resources */ = {isa = PBXBuildFile; fileRef = B9E529041BD6A8880005706D /* bb@2x.jpg */; settings = {ASSET_TAGS = (); }; };
		B9E529301BD6A8880005706D /* bb_icon@2x.jpg in Resources */ = {isa = PBXBuildFile; fileRef = B9E529051BD6A8880005706D /* bb_icon@2x.jpg */; settings = {ASSET_TAGS = (); }; };
		B9E529311BD6A8880005706D /* dzq@2x.jpg in Resources */ = {isa = PBXBuildFile; fileRef = B9E529061BD6A8880005706D /* dzq@2x.jpg */; settings = {ASSET_TAGS = (); }; };
		B9E529321BD6A8880005706D /* dzq_icon@2x.jpg in Resources */ = {isa = PBXBuildFile; fileRef = B9E529071BD6A8880005706D /* dzq_icon@2x.jpg */; settings = {ASSET_TAGS = (); }; };
		B9E529331BD6A8880005706D /* eason@2x.jpg in Resources */ = {isa = PBXBuildFile; fileRef = B9E529081BD6A8880005706D /* eason@2x.jpg */; settings = {ASSET_TAGS = (); }; };
		B9E529341BD6A8880005706D /* eason_icon@2x.jpg in Resources */ = {isa = PBXBuildFile; fileRef = B9E529091BD6A8880005706D /* eason_icon@2x.jpg */; settings = {ASSET_TAGS = (); }; };
		B9E529351BD6A8880005706D /* jay@2x.jpg in Resources */ = {isa = PBXBuildFile; fileRef = B9E5290A1BD6A8880005706D /* jay@2x.jpg */; settings = {ASSET_TAGS = (); }; };
		B9E529361BD6A8880005706D /* jay_icon@2x.png in Resources */ = {isa = PBXBuildFile; fileRef = B9E5290B1BD6A8880005706D /* jay_icon@2x.png */; settings = {ASSET_TAGS = (); }; };
		B9E529371BD6A8880005706D /* jj@2x.jpg in Resources */ = {isa = PBXBuildFile; fileRef = B9E5290C1BD6A8880005706D /* jj@2x.jpg */; settings = {ASSET_TAGS = (); }; };
		B9E529381BD6A8880005706D /* jj_icon@2x.png in Resources */ = {isa = PBXBuildFile; fileRef = B9E5290D1BD6A8880005706D /* jj_icon@2x.png */; settings = {ASSET_TAGS = (); }; };
		B9E529391BD6A8880005706D /* kzxd@2x.jpg in Resources */ = {isa = PBXBuildFile; fileRef = B9E5290E1BD6A8880005706D /* kzxd@2x.jpg */; settings = {ASSET_TAGS = (); }; };
		B9E5293A1BD6A8880005706D /* kzxd_icon@2x.jpg in Resources */ = {isa = PBXBuildFile; fileRef = B9E5290F1BD6A8880005706D /* kzxd_icon@2x.jpg */; settings = {ASSET_TAGS = (); }; };
		B9E5293B1BD6A8880005706D /* lkq@2x.jpg in Resources */ = {isa = PBXBuildFile; fileRef = B9E529101BD6A8880005706D /* lkq@2x.jpg */; settings = {ASSET_TAGS = (); }; };
		B9E5293C1BD6A8880005706D /* lkq_icon@2x.jpg in Resources */ = {isa = PBXBuildFile; fileRef = B9E529111BD6A8880005706D /* lkq_icon@2x.jpg */; settings = {ASSET_TAGS = (); }; };
		B9E5293D1BD6A8880005706D /* nanquan@2x.jpg in Resources */ = {isa = PBXBuildFile; fileRef = B9E529121BD6A8880005706D /* nanquan@2x.jpg */; settings = {ASSET_TAGS = (); }; };
		B9E5293E1BD6A8880005706D /* nanquan_icon@2x.jpg in Resources */ = {isa = PBXBuildFile; fileRef = B9E529131BD6A8880005706D /* nanquan_icon@2x.jpg */; settings = {ASSET_TAGS = (); }; };
		B9E5293F1BD6A8880005706D /* wf@2x.jpg in Resources */ = {isa = PBXBuildFile; fileRef = B9E529141BD6A8880005706D /* wf@2x.jpg */; settings = {ASSET_TAGS = (); }; };
		B9E529401BD6A8880005706D /* wf_icon@2x.jpg in Resources */ = {isa = PBXBuildFile; fileRef = B9E529151BD6A8880005706D /* wf_icon@2x.jpg */; settings = {ASSET_TAGS = (); }; };
		B9E529411BD6A8880005706D /* zxy@2x.jpg in Resources */ = {isa = PBXBuildFile; fileRef = B9E529161BD6A8880005706D /* zxy@2x.jpg */; settings = {ASSET_TAGS = (); }; };
		B9E529421BD6A8880005706D /* zxy_icon@2x.jpg in Resources */ = {isa = PBXBuildFile; fileRef = B9E529171BD6A8880005706D /* zxy_icon@2x.jpg */; settings = {ASSET_TAGS = (); }; };
		B9E529431BD6A8880005706D /* 10405520.lrc in Resources */ = {isa = PBXBuildFile; fileRef = B9E529191BD6A8880005706D /* 10405520.lrc */; settings = {ASSET_TAGS = (); }; };
		B9E529441BD6A8880005706D /* 10736444.lrc in Resources */ = {isa = PBXBuildFile; fileRef = B9E5291A1BD6A8880005706D /* 10736444.lrc */; settings = {ASSET_TAGS = (); }; };
		B9E529451BD6A8880005706D /* 120125029.lrc in Resources */ = {isa = PBXBuildFile; fileRef = B9E5291B1BD6A8880005706D /* 120125029.lrc */; settings = {ASSET_TAGS = (); }; };
		B9E529461BD6A8880005706D /* 12309111.lrc in Resources */ = {isa = PBXBuildFile; fileRef = B9E5291C1BD6A8880005706D /* 12309111.lrc */; settings = {ASSET_TAGS = (); }; };
		B9E529471BD6A8880005706D /* 14945107.lrc in Resources */ = {isa = PBXBuildFile; fileRef = B9E5291D1BD6A8880005706D /* 14945107.lrc */; settings = {ASSET_TAGS = (); }; };
		B9E529481BD6A8880005706D /* 235319.lrc in Resources */ = {isa = PBXBuildFile; fileRef = B9E5291E1BD6A8880005706D /* 235319.lrc */; settings = {ASSET_TAGS = (); }; };
		B9E529491BD6A8880005706D /* 255319.lrc in Resources */ = {isa = PBXBuildFile; fileRef = B9E5291F1BD6A8880005706D /* 255319.lrc */; settings = {ASSET_TAGS = (); }; };
		B9E5294A1BD6A8880005706D /* 309769.lrc in Resources */ = {isa = PBXBuildFile; fileRef = B9E529201BD6A8880005706D /* 309769.lrc */; settings = {ASSET_TAGS = (); }; };
		B9E5294B1BD6A8880005706D /* 339744.lrc in Resources */ = {isa = PBXBuildFile; fileRef = B9E529211BD6A8880005706D /* 339744.lrc */; settings = {ASSET_TAGS = (); }; };
		B9E5294C1BD6A8880005706D /* 月半小夜曲.lrc in Resources */ = {isa = PBXBuildFile; fileRef = B9E529221BD6A8880005706D /* 月半小夜曲.lrc */; settings = {ASSET_TAGS = (); }; };
		B9E5294D1BD6A8880005706D /* 10405520.mp3 in Resources */ = {isa = PBXBuildFile; fileRef = B9E529241BD6A8880005706D /* 10405520.mp3 */; settings = {ASSET_TAGS = (); }; };
		B9E5294E1BD6A8880005706D /* 10736444.mp3 in Resources */ = {isa = PBXBuildFile; fileRef = B9E529251BD6A8880005706D /* 10736444.mp3 */; settings = {ASSET_TAGS = (); }; };
		B9E5294F1BD6A8880005706D /* 1201111234.mp3 in Resources */ = {isa = PBXBuildFile; fileRef = B9E529261BD6A8880005706D /* 1201111234.mp3 */; settings = {ASSET_TAGS = (); }; };
		B9E529501BD6A8880005706D /* 120125029.mp3 in Resources */ = {isa = PBXBuildFile; fileRef = B9E529271BD6A8880005706D /* 120125029.mp3 */; settings = {ASSET_TAGS = (); }; };
		B9E529511BD6A8880005706D /* 12309111.mp3 in Resources */ = {isa = PBXBuildFile; fileRef = B9E529281BD6A8880005706D /* 12309111.mp3 */; settings = {ASSET_TAGS = (); }; };
		B9E529521BD6A8880005706D /* 14945107.mp3 in Resources */ = {isa = PBXBuildFile; fileRef = B9E529291BD6A8880005706D /* 14945107.mp3 */; settings = {ASSET_TAGS = (); }; };
		B9E529531BD6A8880005706D /* 235319.mp3 in Resources */ = {isa = PBXBuildFile; fileRef = B9E5292A1BD6A8880005706D /* 235319.mp3 */; settings = {ASSET_TAGS = (); }; };
		B9E529541BD6A8880005706D /* 255319.mp3 in Resources */ = {isa = PBXBuildFile; fileRef = B9E5292B1BD6A8880005706D /* 255319.mp3 */; settings = {ASSET_TAGS = (); }; };
		B9E529551BD6A8880005706D /* 309769.mp3 in Resources */ = {isa = PBXBuildFile; fileRef = B9E5292C1BD6A8880005706D /* 309769.mp3 */; settings = {ASSET_TAGS = (); }; };
		B9E529561BD6A8880005706D /* 339744.mp3 in Resources */ = {isa = PBXBuildFile; fileRef = B9E5292D1BD6A8880005706D /* 339744.mp3 */; settings = {ASSET_TAGS = (); }; };
		B9E529571BD6A8880005706D /* Musics.plist in Resources */ = {isa = PBXBuildFile; fileRef = B9E5292E1BD6A8880005706D /* Musics.plist */; settings = {ASSET_TAGS = (); }; };
		B9E5295A1BD6BDAE0005706D /* JWPlayingViewController.m in Sources */ = {isa = PBXBuildFile; fileRef = B9E529591BD6BDAE0005706D /* JWPlayingViewController.m */; settings = {ASSET_TAGS = (); }; };
/* End PBXBuildFile section */

/* Begin PBXContainerItemProxy section */
		B9E528DB1BD69D9C0005706D /* PBXContainerItemProxy */ = {
			isa = PBXContainerItemProxy;
			containerPortal = B9E528B91BD69D9C0005706D /* Project object */;
			proxyType = 1;
			remoteGlobalIDString = B9E528C01BD69D9C0005706D;
			remoteInfo = QQMusic;
		};
		B9E528E61BD69D9C0005706D /* PBXContainerItemProxy */ = {
			isa = PBXContainerItemProxy;
			containerPortal = B9E528B91BD69D9C0005706D /* Project object */;
			proxyType = 1;
			remoteGlobalIDString = B9E528C01BD69D9C0005706D;
			remoteInfo = QQMusic;
		};
/* End PBXContainerItemProxy section */

/* Begin PBXFileReference section */
		B93A7A2C1BD7FC7F006268F2 /* JWLrcCell.h */ = {isa = PBXFileReference; fileEncoding = 4; lastKnownFileType = sourcecode.c.h; path = JWLrcCell.h; sourceTree = "<group>"; };
		B93A7A2D1BD7FC7F006268F2 /* JWLrcCell.m */ = {isa = PBXFileReference; fileEncoding = 4; lastKnownFileType = sourcecode.c.objc; path = JWLrcCell.m; sourceTree = "<group>"; };
		B93A7A2F1BD800C3006268F2 /* JWLrcLine.h */ = {isa = PBXFileReference; fileEncoding = 4; lastKnownFileType = sourcecode.c.h; path = JWLrcLine.h; sourceTree = "<group>"; };
		B93A7A301BD800C3006268F2 /* JWLrcLine.m */ = {isa = PBXFileReference; fileEncoding = 4; lastKnownFileType = sourcecode.c.objc; path = JWLrcLine.m; sourceTree = "<group>"; };
		B93A7A321BD80501006268F2 /* JWLrcTool.h */ = {isa = PBXFileReference; fileEncoding = 4; lastKnownFileType = sourcecode.c.h; path = JWLrcTool.h; sourceTree = "<group>"; };
		B93A7A331BD80501006268F2 /* JWLrcTool.m */ = {isa = PBXFileReference; fileEncoding = 4; lastKnownFileType = sourcecode.c.objc; path = JWLrcTool.m; sourceTree = "<group>"; };
		B94E80421BD7C9AB004CE4AC /* CALayer+JWExtension.h */ = {isa = PBXFileReference; fileEncoding = 4; lastKnownFileType = sourcecode.c.h; path = "CALayer+JWExtension.h"; sourceTree = "<group>"; };
		B94E80431BD7C9AB004CE4AC /* CALayer+JWExtension.m */ = {isa = PBXFileReference; fileEncoding = 4; lastKnownFileType = sourcecode.c.objc; path = "CALayer+JWExtension.m"; sourceTree = "<group>"; };
		B94E80451BD7D20B004CE4AC /* JWLrcScrollView.h */ = {isa = PBXFileReference; fileEncoding = 4; lastKnownFileType = sourcecode.c.h; path = JWLrcScrollView.h; sourceTree = "<group>"; };
		B94E80461BD7D20B004CE4AC /* JWLrcScrollView.m */ = {isa = PBXFileReference; fileEncoding = 4; lastKnownFileType = sourcecode.c.objc; path = JWLrcScrollView.m; sourceTree = "<group>"; };
		B9E3E5841BD7268B0053A054 /* DRNRealTimeBlurView.h */ = {isa = PBXFileReference; fileEncoding = 4; lastKnownFileType = sourcecode.c.h; path = DRNRealTimeBlurView.h; sourceTree = "<group>"; };
		B9E3E5851BD7268B0053A054 /* DRNRealTimeBlurView.m */ = {isa = PBXFileReference; fileEncoding = 4; lastKnownFileType = sourcecode.c.objc; path = DRNRealTimeBlurView.m; sourceTree = "<group>"; };
		B9E3E5861BD7268B0053A054 /* UIImage+BoxBlur.h */ = {isa = PBXFileReference; fileEncoding = 4; lastKnownFileType = sourcecode.c.h; path = "UIImage+BoxBlur.h"; sourceTree = "<group>"; };
		B9E3E5871BD7268B0053A054 /* UIImage+BoxBlur.m */ = {isa = PBXFileReference; fileEncoding = 4; lastKnownFileType = sourcecode.c.objc; path = "UIImage+BoxBlur.m"; sourceTree = "<group>"; };
		B9E3E5891BD7268B0053A054 /* MASCompositeConstraint.h */ = {isa = PBXFileReference; fileEncoding = 4; lastKnownFileType = sourcecode.c.h; path = MASCompositeConstraint.h; sourceTree = "<group>"; };
		B9E3E58A1BD7268B0053A054 /* MASCompositeConstraint.m */ = {isa = PBXFileReference; fileEncoding = 4; lastKnownFileType = sourcecode.c.objc; path = MASCompositeConstraint.m; sourceTree = "<group>"; };
		B9E3E58B1BD7268B0053A054 /* MASConstraint+Private.h */ = {isa = PBXFileReference; fileEncoding = 4; lastKnownFileType = sourcecode.c.h; path = "MASConstraint+Private.h"; sourceTree = "<group>"; };
		B9E3E58C1BD7268B0053A054 /* MASConstraint.h */ = {isa = PBXFileReference; fileEncoding = 4; lastKnownFileType = sourcecode.c.h; path = MASConstraint.h; sourceTree = "<group>"; };
		B9E3E58D1BD7268B0053A054 /* MASConstraint.m */ = {isa = PBXFileReference; fileEncoding = 4; lastKnownFileType = sourcecode.c.objc; path = MASConstraint.m; sourceTree = "<group>"; };
		B9E3E58E1BD7268B0053A054 /* MASConstraintMaker.h */ = {isa = PBXFileReference; fileEncoding = 4; lastKnownFileType = sourcecode.c.h; path = MASConstraintMaker.h; sourceTree = "<group>"; };
		B9E3E58F1BD7268B0053A054 /* MASConstraintMaker.m */ = {isa = PBXFileReference; fileEncoding = 4; lastKnownFileType = sourcecode.c.objc; path = MASConstraintMaker.m; sourceTree = "<group>"; };
		B9E3E5901BD7268B0053A054 /* MASLayoutConstraint.h */ = {isa = PBXFileReference; fileEncoding = 4; lastKnownFileType = sourcecode.c.h; path = MASLayoutConstraint.h; sourceTree = "<group>"; };
		B9E3E5911BD7268B0053A054 /* MASLayoutConstraint.m */ = {isa = PBXFileReference; fileEncoding = 4; lastKnownFileType = sourcecode.c.objc; path = MASLayoutConstraint.m; sourceTree = "<group>"; };
		B9E3E5921BD7268B0053A054 /* Masonry.h */ = {isa = PBXFileReference; fileEncoding = 4; lastKnownFileType = sourcecode.c.h; path = Masonry.h; sourceTree = "<group>"; };
		B9E3E5931BD7268B0053A054 /* MASUtilities.h */ = {isa = PBXFileReference; fileEncoding = 4; lastKnownFileType = sourcecode.c.h; path = MASUtilities.h; sourceTree = "<group>"; };
		B9E3E5941BD7268B0053A054 /* MASViewAttribute.h */ = {isa = PBXFileReference; fileEncoding = 4; lastKnownFileType = sourcecode.c.h; path = MASViewAttribute.h; sourceTree = "<group>"; };
		B9E3E5951BD7268B0053A054 /* MASViewAttribute.m */ = {isa = PBXFileReference; fileEncoding = 4; lastKnownFileType = sourcecode.c.objc; path = MASViewAttribute.m; sourceTree = "<group>"; };
		B9E3E5961BD7268B0053A054 /* MASViewConstraint.h */ = {isa = PBXFileReference; fileEncoding = 4; lastKnownFileType = sourcecode.c.h; path = MASViewConstraint.h; sourceTree = "<group>"; };
		B9E3E5971BD7268B0053A054 /* MASViewConstraint.m */ = {isa = PBXFileReference; fileEncoding = 4; lastKnownFileType = sourcecode.c.objc; path = MASViewConstraint.m; sourceTree = "<group>"; };
		B9E3E5981BD7268B0053A054 /* NSArray+MASAdditions.h */ = {isa = PBXFileReference; fileEncoding = 4; lastKnownFileType = sourcecode.c.h; path = "NSArray+MASAdditions.h"; sourceTree = "<group>"; };
		B9E3E5991BD7268B0053A054 /* NSArray+MASAdditions.m */ = {isa = PBXFileReference; fileEncoding = 4; lastKnownFileType = sourcecode.c.objc; path = "NSArray+MASAdditions.m"; sourceTree = "<group>"; };
		B9E3E59A1BD7268B0053A054 /* NSArray+MASShorthandAdditions.h */ = {isa = PBXFileReference; fileEncoding = 4; lastKnownFileType = sourcecode.c.h; path = "NSArray+MASShorthandAdditions.h"; sourceTree = "<group>"; };
		B9E3E59B1BD7268B0053A054 /* NSLayoutConstraint+MASDebugAdditions.h */ = {isa = PBXFileReference; fileEncoding = 4; lastKnownFileType = sourcecode.c.h; path = "NSLayoutConstraint+MASDebugAdditions.h"; sourceTree = "<group>"; };
		B9E3E59C1BD7268B0053A054 /* NSLayoutConstraint+MASDebugAdditions.m */ = {isa = PBXFileReference; fileEncoding = 4; lastKnownFileType = sourcecode.c.objc; path = "NSLayoutConstraint+MASDebugAdditions.m"; sourceTree = "<group>"; };
		B9E3E59D1BD7268B0053A054 /* View+MASAdditions.h */ = {isa = PBXFileReference; fileEncoding = 4; lastKnownFileType = sourcecode.c.h; path = "View+MASAdditions.h"; sourceTree = "<group>"; };
		B9E3E59E1BD7268B0053A054 /* View+MASAdditions.m */ = {isa = PBXFileReference; fileEncoding = 4; lastKnownFileType = sourcecode.c.objc; path = "View+MASAdditions.m"; sourceTree = "<group>"; };
		B9E3E59F1BD7268B0053A054 /* View+MASShorthandAdditions.h */ = {isa = PBXFileReference; fileEncoding = 4; lastKnownFileType = sourcecode.c.h; path = "View+MASShorthandAdditions.h"; sourceTree = "<group>"; };
		B9E3E5A01BD7268B0053A054 /* ViewController+MASAdditions.h */ = {isa = PBXFileReference; fileEncoding = 4; lastKnownFileType = sourcecode.c.h; path = "ViewController+MASAdditions.h"; sourceTree = "<group>"; };
		B9E3E5A11BD7268B0053A054 /* ViewController+MASAdditions.m */ = {isa = PBXFileReference; fileEncoding = 4; lastKnownFileType = sourcecode.c.objc; path = "ViewController+MASAdditions.m"; sourceTree = "<group>"; };
		B9E3E5A31BD7268B0053A054 /* MJExtension.h */ = {isa = PBXFileReference; fileEncoding = 4; lastKnownFileType = sourcecode.c.h; path = MJExtension.h; sourceTree = "<group>"; };
		B9E3E5A41BD7268B0053A054 /* MJExtensionConst.h */ = {isa = PBXFileReference; fileEncoding = 4; lastKnownFileType = sourcecode.c.h; path = MJExtensionConst.h; sourceTree = "<group>"; };
		B9E3E5A51BD7268B0053A054 /* MJExtensionConst.m */ = {isa = PBXFileReference; fileEncoding = 4; lastKnownFileType = sourcecode.c.objc; path = MJExtensionConst.m; sourceTree = "<group>"; };
		B9E3E5A61BD7268B0053A054 /* MJFoundation.h */ = {isa = PBXFileReference; fileEncoding = 4; lastKnownFileType = sourcecode.c.h; path = MJFoundation.h; sourceTree = "<group>"; };
		B9E3E5A71BD7268B0053A054 /* MJFoundation.m */ = {isa = PBXFileReference; fileEncoding = 4; lastKnownFileType = sourcecode.c.objc; path = MJFoundation.m; sourceTree = "<group>"; };
		B9E3E5A81BD7268B0053A054 /* MJProperty.h */ = {isa = PBXFileReference; fileEncoding = 4; lastKnownFileType = sourcecode.c.h; path = MJProperty.h; sourceTree = "<group>"; };
		B9E3E5A91BD7268B0053A054 /* MJProperty.m */ = {isa = PBXFileReference; fileEncoding = 4; lastKnownFileType = sourcecode.c.objc; path = MJProperty.m; sourceTree = "<group>"; };
		B9E3E5AA1BD7268B0053A054 /* MJType.h */ = {isa = PBXFileReference; fileEncoding = 4; lastKnownFileType = sourcecode.c.h; path = MJType.h; sourceTree = "<group>"; };
		B9E3E5AB1BD7268B0053A054 /* MJType.m */ = {isa = PBXFileReference; fileEncoding = 4; lastKnownFileType = sourcecode.c.objc; path = MJType.m; sourceTree = "<group>"; };
		B9E3E5AC1BD7268B0053A054 /* NSObject+MJCoding.h */ = {isa = PBXFileReference; fileEncoding = 4; lastKnownFileType = sourcecode.c.h; path = "NSObject+MJCoding.h"; sourceTree = "<group>"; };
		B9E3E5AD1BD7268B0053A054 /* NSObject+MJCoding.m */ = {isa = PBXFileReference; fileEncoding = 4; lastKnownFileType = sourcecode.c.objc; path = "NSObject+MJCoding.m"; sourceTree = "<group>"; };
		B9E3E5AE1BD7268B0053A054 /* NSObject+MJKeyValue.h */ = {isa = PBXFileReference; fileEncoding = 4; lastKnownFileType = sourcecode.c.h; path = "NSObject+MJKeyValue.h"; sourceTree = "<group>"; };
		B9E3E5AF1BD7268B0053A054 /* NSObject+MJKeyValue.m */ = {isa = PBXFileReference; fileEncoding = 4; lastKnownFileType = sourcecode.c.objc; path = "NSObject+MJKeyValue.m"; sourceTree = "<group>"; };
		B9E3E5B01BD7268B0053A054 /* NSObject+MJProperty.h */ = {isa = PBXFileReference; fileEncoding = 4; lastKnownFileType = sourcecode.c.h; path = "NSObject+MJProperty.h"; sourceTree = "<group>"; };
		B9E3E5B11BD7268B0053A054 /* NSObject+MJProperty.m */ = {isa = PBXFileReference; fileEncoding = 4; lastKnownFileType = sourcecode.c.objc; path = "NSObject+MJProperty.m"; sourceTree = "<group>"; };
		B9E3E5B21BD7268B0053A054 /* NSString+MJExtension.h */ = {isa = PBXFileReference; fileEncoding = 4; lastKnownFileType = sourcecode.c.h; path = "NSString+MJExtension.h"; sourceTree = "<group>"; };
		B9E3E5B31BD7268B0053A054 /* NSString+MJExtension.m */ = {isa = PBXFileReference; fileEncoding = 4; lastKnownFileType = sourcecode.c.objc; path = "NSString+MJExtension.m"; sourceTree = "<group>"; };
		B9E3E5C81BD726B90053A054 /* JWAudioTool.h */ = {isa = PBXFileReference; fileEncoding = 4; lastKnownFileType = sourcecode.c.h; path = JWAudioTool.h; sourceTree = "<group>"; };
		B9E3E5C91BD726B90053A054 /* JWAudioTool.m */ = {isa = PBXFileReference; fileEncoding = 4; lastKnownFileType = sourcecode.c.objc; path = JWAudioTool.m; sourceTree = "<group>"; };
		B9E3E5CB1BD73A590053A054 /* JWMusic.h */ = {isa = PBXFileReference; fileEncoding = 4; lastKnownFileType = sourcecode.c.h; path = JWMusic.h; sourceTree = "<group>"; };
		B9E3E5CC1BD73A590053A054 /* JWMusic.m */ = {isa = PBXFileReference; fileEncoding = 4; lastKnownFileType = sourcecode.c.objc; path = JWMusic.m; sourceTree = "<group>"; };
		B9E3E5CE1BD73A980053A054 /* JWMusicTool.h */ = {isa = PBXFileReference; fileEncoding = 4; lastKnownFileType = sourcecode.c.h; path = JWMusicTool.h; sourceTree = "<group>"; };
		B9E3E5CF1BD73A980053A054 /* JWMusicTool.m */ = {isa = PBXFileReference; fileEncoding = 4; lastKnownFileType = sourcecode.c.objc; path = JWMusicTool.m; sourceTree = "<group>"; };
		B9E3E5D21BD740B90053A054 /* NSString+JWExtension.h */ = {isa = PBXFileReference; fileEncoding = 4; lastKnownFileType = sourcecode.c.h; path = "NSString+JWExtension.h"; sourceTree = "<group>"; };
		B9E3E5D31BD740B90053A054 /* NSString+JWExtension.m */ = {isa = PBXFileReference; fileEncoding = 4; lastKnownFileType = sourcecode.c.objc; path = "NSString+JWExtension.m"; sourceTree = "<group>"; };
		B9E528C11BD69D9C0005706D /* QQMusic.app */ = {isa = PBXFileReference; explicitFileType = wrapper.application; includeInIndex = 0; path = QQMusic.app; sourceTree = BUILT_PRODUCTS_DIR; };
		B9E528CE1BD69D9C0005706D /* Base */ = {isa = PBXFileReference; lastKnownFileType = file.storyboard; name = Base; path = Base.lproj/Main.storyboard; sourceTree = "<group>"; };
		B9E528D01BD69D9C0005706D /* Assets.xcassets */ = {isa = PBXFileReference; lastKnownFileType = folder.assetcatalog; path = Assets.xcassets; sourceTree = "<group>"; };
		B9E528D51BD69D9C0005706D /* Info.plist */ = {isa = PBXFileReference; lastKnownFileType = text.plist.xml; path = Info.plist; sourceTree = "<group>"; };
		B9E528DA1BD69D9C0005706D /* QQMusicTests.xctest */ = {isa = PBXFileReference; explicitFileType = wrapper.cfbundle; includeInIndex = 0; path = QQMusicTests.xctest; sourceTree = BUILT_PRODUCTS_DIR; };
		B9E528DE1BD69D9C0005706D /* QQMusicTests.m */ = {isa = PBXFileReference; lastKnownFileType = sourcecode.c.objc; path = QQMusicTests.m; sourceTree = "<group>"; };
		B9E528E01BD69D9C0005706D /* Info.plist */ = {isa = PBXFileReference; lastKnownFileType = text.plist.xml; path = Info.plist; sourceTree = "<group>"; };
		B9E528E51BD69D9C0005706D /* QQMusicUITests.xctest */ = {isa = PBXFileReference; explicitFileType = wrapper.cfbundle; includeInIndex = 0; path = QQMusicUITests.xctest; sourceTree = BUILT_PRODUCTS_DIR; };
		B9E528E91BD69D9C0005706D /* QQMusicUITests.m */ = {isa = PBXFileReference; lastKnownFileType = sourcecode.c.objc; path = QQMusicUITests.m; sourceTree = "<group>"; };
		B9E528EB1BD69D9C0005706D /* Info.plist */ = {isa = PBXFileReference; lastKnownFileType = text.plist.xml; path = Info.plist; sourceTree = "<group>"; };
		B9E528FB1BD6A58D0005706D /* AppDelegate.h */ = {isa = PBXFileReference; fileEncoding = 4; lastKnownFileType = sourcecode.c.h; path = AppDelegate.h; sourceTree = "<group>"; };
		B9E528FC1BD6A58D0005706D /* AppDelegate.m */ = {isa = PBXFileReference; fileEncoding = 4; lastKnownFileType = sourcecode.c.objc; path = AppDelegate.m; sourceTree = "<group>"; };
		B9E528FD1BD6A58D0005706D /* main.m */ = {isa = PBXFileReference; fileEncoding = 4; lastKnownFileType = sourcecode.c.objc; path = main.m; sourceTree = "<group>"; };
		B9E529041BD6A8880005706D /* bb@2x.jpg */ = {isa = PBXFileReference; lastKnownFileType = image.jpeg; path = "bb@2x.jpg"; sourceTree = "<group>"; };
		B9E529051BD6A8880005706D /* bb_icon@2x.jpg */ = {isa = PBXFileReference; lastKnownFileType = image.jpeg; path = "bb_icon@2x.jpg"; sourceTree = "<group>"; };
		B9E529061BD6A8880005706D /* dzq@2x.jpg */ = {isa = PBXFileReference; lastKnownFileType = image.jpeg; path = "dzq@2x.jpg"; sourceTree = "<group>"; };
		B9E529071BD6A8880005706D /* dzq_icon@2x.jpg */ = {isa = PBXFileReference; lastKnownFileType = image.jpeg; path = "dzq_icon@2x.jpg"; sourceTree = "<group>"; };
		B9E529081BD6A8880005706D /* eason@2x.jpg */ = {isa = PBXFileReference; lastKnownFileType = image.jpeg; path = "eason@2x.jpg"; sourceTree = "<group>"; };
		B9E529091BD6A8880005706D /* eason_icon@2x.jpg */ = {isa = PBXFileReference; lastKnownFileType = image.jpeg; path = "eason_icon@2x.jpg"; sourceTree = "<group>"; };
		B9E5290A1BD6A8880005706D /* jay@2x.jpg */ = {isa = PBXFileReference; lastKnownFileType = image.jpeg; path = "jay@2x.jpg"; sourceTree = "<group>"; };
		B9E5290B1BD6A8880005706D /* jay_icon@2x.png */ = {isa = PBXFileReference; lastKnownFileType = image.png; path = "jay_icon@2x.png"; sourceTree = "<group>"; };
		B9E5290C1BD6A8880005706D /* jj@2x.jpg */ = {isa = PBXFileReference; lastKnownFileType = image.jpeg; path = "jj@2x.jpg"; sourceTree = "<group>"; };
		B9E5290D1BD6A8880005706D /* jj_icon@2x.png */ = {isa = PBXFileReference; lastKnownFileType = image.png; path = "jj_icon@2x.png"; sourceTree = "<group>"; };
		B9E5290E1BD6A8880005706D /* kzxd@2x.jpg */ = {isa = PBXFileReference; lastKnownFileType = image.jpeg; path = "kzxd@2x.jpg"; sourceTree = "<group>"; };
		B9E5290F1BD6A8880005706D /* kzxd_icon@2x.jpg */ = {isa = PBXFileReference; lastKnownFileType = image.jpeg; path = "kzxd_icon@2x.jpg"; sourceTree = "<group>"; };
		B9E529101BD6A8880005706D /* lkq@2x.jpg */ = {isa = PBXFileReference; lastKnownFileType = image.jpeg; path = "lkq@2x.jpg"; sourceTree = "<group>"; };
		B9E529111BD6A8880005706D /* lkq_icon@2x.jpg */ = {isa = PBXFileReference; lastKnownFileType = image.jpeg; path = "lkq_icon@2x.jpg"; sourceTree = "<group>"; };
		B9E529121BD6A8880005706D /* nanquan@2x.jpg */ = {isa = PBXFileReference; lastKnownFileType = image.jpeg; path = "nanquan@2x.jpg"; sourceTree = "<group>"; };
		B9E529131BD6A8880005706D /* nanquan_icon@2x.jpg */ = {isa = PBXFileReference; lastKnownFileType = image.jpeg; path = "nanquan_icon@2x.jpg"; sourceTree = "<group>"; };
		B9E529141BD6A8880005706D /* wf@2x.jpg */ = {isa = PBXFileReference; lastKnownFileType = image.jpeg; path = "wf@2x.jpg"; sourceTree = "<group>"; };
		B9E529151BD6A8880005706D /* wf_icon@2x.jpg */ = {isa = PBXFileReference; lastKnownFileType = image.jpeg; path = "wf_icon@2x.jpg"; sourceTree = "<group>"; };
		B9E529161BD6A8880005706D /* zxy@2x.jpg */ = {isa = PBXFileReference; lastKnownFileType = image.jpeg; path = "zxy@2x.jpg"; sourceTree = "<group>"; };
		B9E529171BD6A8880005706D /* zxy_icon@2x.jpg */ = {isa = PBXFileReference; lastKnownFileType = image.jpeg; path = "zxy_icon@2x.jpg"; sourceTree = "<group>"; };
		B9E529191BD6A8880005706D /* 10405520.lrc */ = {isa = PBXFileReference; fileEncoding = 4; lastKnownFileType = text; path = 10405520.lrc; sourceTree = "<group>"; };
		B9E5291A1BD6A8880005706D /* 10736444.lrc */ = {isa = PBXFileReference; fileEncoding = 4; lastKnownFileType = text; path = 10736444.lrc; sourceTree = "<group>"; };
		B9E5291B1BD6A8880005706D /* 120125029.lrc */ = {isa = PBXFileReference; fileEncoding = 4; lastKnownFileType = text; path = 120125029.lrc; sourceTree = "<group>"; };
		B9E5291C1BD6A8880005706D /* 12309111.lrc */ = {isa = PBXFileReference; fileEncoding = 4; lastKnownFileType = text; path = 12309111.lrc; sourceTree = "<group>"; };
		B9E5291D1BD6A8880005706D /* 14945107.lrc */ = {isa = PBXFileReference; fileEncoding = 4; lastKnownFileType = text; path = 14945107.lrc; sourceTree = "<group>"; };
		B9E5291E1BD6A8880005706D /* 235319.lrc */ = {isa = PBXFileReference; fileEncoding = 4; lastKnownFileType = text; path = 235319.lrc; sourceTree = "<group>"; };
		B9E5291F1BD6A8880005706D /* 255319.lrc */ = {isa = PBXFileReference; fileEncoding = 4; lastKnownFileType = text; path = 255319.lrc; sourceTree = "<group>"; };
		B9E529201BD6A8880005706D /* 309769.lrc */ = {isa = PBXFileReference; fileEncoding = 4; lastKnownFileType = text; path = 309769.lrc; sourceTree = "<group>"; };
		B9E529211BD6A8880005706D /* 339744.lrc */ = {isa = PBXFileReference; fileEncoding = 4; lastKnownFileType = text; path = 339744.lrc; sourceTree = "<group>"; };
		B9E529221BD6A8880005706D /* 月半小夜曲.lrc */ = {isa = PBXFileReference; fileEncoding = 4; lastKnownFileType = text; path = "月半小夜曲.lrc"; sourceTree = "<group>"; };
		B9E529241BD6A8880005706D /* 10405520.mp3 */ = {isa = PBXFileReference; lastKnownFileType = audio.mp3; path = 10405520.mp3; sourceTree = "<group>"; };
		B9E529251BD6A8880005706D /* 10736444.mp3 */ = {isa = PBXFileReference; lastKnownFileType = audio.mp3; path = 10736444.mp3; sourceTree = "<group>"; };
		B9E529261BD6A8880005706D /* 1201111234.mp3 */ = {isa = PBXFileReference; lastKnownFileType = audio.mp3; path = 1201111234.mp3; sourceTree = "<group>"; };
		B9E529271BD6A8880005706D /* 120125029.mp3 */ = {isa = PBXFileReference; lastKnownFileType = audio.mp3; path = 120125029.mp3; sourceTree = "<group>"; };
		B9E529281BD6A8880005706D /* 12309111.mp3 */ = {isa = PBXFileReference; lastKnownFileType = audio.mp3; path = 12309111.mp3; sourceTree = "<group>"; };
		B9E529291BD6A8880005706D /* 14945107.mp3 */ = {isa = PBXFileReference; lastKnownFileType = audio.mp3; path = 14945107.mp3; sourceTree = "<group>"; };
		B9E5292A1BD6A8880005706D /* 235319.mp3 */ = {isa = PBXFileReference; lastKnownFileType = audio.mp3; path = 235319.mp3; sourceTree = "<group>"; };
		B9E5292B1BD6A8880005706D /* 255319.mp3 */ = {isa = PBXFileReference; lastKnownFileType = audio.mp3; path = 255319.mp3; sourceTree = "<group>"; };
		B9E5292C1BD6A8880005706D /* 309769.mp3 */ = {isa = PBXFileReference; lastKnownFileType = audio.mp3; path = 309769.mp3; sourceTree = "<group>"; };
		B9E5292D1BD6A8880005706D /* 339744.mp3 */ = {isa = PBXFileReference; lastKnownFileType = audio.mp3; path = 339744.mp3; sourceTree = "<group>"; };
		B9E5292E1BD6A8880005706D /* Musics.plist */ = {isa = PBXFileReference; fileEncoding = 4; lastKnownFileType = text.plist.xml; path = Musics.plist; sourceTree = "<group>"; };
		B9E529581BD6BDAE0005706D /* JWPlayingViewController.h */ = {isa = PBXFileReference; fileEncoding = 4; lastKnownFileType = sourcecode.c.h; path = JWPlayingViewController.h; sourceTree = "<group>"; };
		B9E529591BD6BDAE0005706D /* JWPlayingViewController.m */ = {isa = PBXFileReference; fileEncoding = 4; lastKnownFileType = sourcecode.c.objc; path = JWPlayingViewController.m; sourceTree = "<group>"; };
/* End PBXFileReference section */

/* Begin PBXFrameworksBuildPhase section */
		B9E528BE1BD69D9C0005706D /* Frameworks */ = {
			isa = PBXFrameworksBuildPhase;
			buildActionMask = 2147483647;
			files = (
			);
			runOnlyForDeploymentPostprocessing = 0;
		};
		B9E528D71BD69D9C0005706D /* Frameworks */ = {
			isa = PBXFrameworksBuildPhase;
			buildActionMask = 2147483647;
			files = (
			);
			runOnlyForDeploymentPostprocessing = 0;
		};
		B9E528E21BD69D9C0005706D /* Frameworks */ = {
			isa = PBXFrameworksBuildPhase;
			buildActionMask = 2147483647;
			files = (
			);
			runOnlyForDeploymentPostprocessing = 0;
		};
/* End PBXFrameworksBuildPhase section */

/* Begin PBXGroup section */
		B9E3E5821BD7268B0053A054 /* Lib */ = {
			isa = PBXGroup;
			children = (
				B9E3E5831BD7268B0053A054 /* DRNRealTimeBlur */,
				B9E3E5881BD7268B0053A054 /* Masonry */,
				B9E3E5A21BD7268B0053A054 /* MJExtension */,
			);
			path = Lib;
			sourceTree = "<group>";
		};
		B9E3E5831BD7268B0053A054 /* DRNRealTimeBlur */ = {
			isa = PBXGroup;
			children = (
				B9E3E5841BD7268B0053A054 /* DRNRealTimeBlurView.h */,
				B9E3E5851BD7268B0053A054 /* DRNRealTimeBlurView.m */,
				B9E3E5861BD7268B0053A054 /* UIImage+BoxBlur.h */,
				B9E3E5871BD7268B0053A054 /* UIImage+BoxBlur.m */,
			);
			path = DRNRealTimeBlur;
			sourceTree = "<group>";
		};
		B9E3E5881BD7268B0053A054 /* Masonry */ = {
			isa = PBXGroup;
			children = (
				B9E3E5891BD7268B0053A054 /* MASCompositeConstraint.h */,
				B9E3E58A1BD7268B0053A054 /* MASCompositeConstraint.m */,
				B9E3E58B1BD7268B0053A054 /* MASConstraint+Private.h */,
				B9E3E58C1BD7268B0053A054 /* MASConstraint.h */,
				B9E3E58D1BD7268B0053A054 /* MASConstraint.m */,
				B9E3E58E1BD7268B0053A054 /* MASConstraintMaker.h */,
				B9E3E58F1BD7268B0053A054 /* MASConstraintMaker.m */,
				B9E3E5901BD7268B0053A054 /* MASLayoutConstraint.h */,
				B9E3E5911BD7268B0053A054 /* MASLayoutConstraint.m */,
				B9E3E5921BD7268B0053A054 /* Masonry.h */,
				B9E3E5931BD7268B0053A054 /* MASUtilities.h */,
				B9E3E5941BD7268B0053A054 /* MASViewAttribute.h */,
				B9E3E5951BD7268B0053A054 /* MASViewAttribute.m */,
				B9E3E5961BD7268B0053A054 /* MASViewConstraint.h */,
				B9E3E5971BD7268B0053A054 /* MASViewConstraint.m */,
				B9E3E5981BD7268B0053A054 /* NSArray+MASAdditions.h */,
				B9E3E5991BD7268B0053A054 /* NSArray+MASAdditions.m */,
				B9E3E59A1BD7268B0053A054 /* NSArray+MASShorthandAdditions.h */,
				B9E3E59B1BD7268B0053A054 /* NSLayoutConstraint+MASDebugAdditions.h */,
				B9E3E59C1BD7268B0053A054 /* NSLayoutConstraint+MASDebugAdditions.m */,
				B9E3E59D1BD7268B0053A054 /* View+MASAdditions.h */,
				B9E3E59E1BD7268B0053A054 /* View+MASAdditions.m */,
				B9E3E59F1BD7268B0053A054 /* View+MASShorthandAdditions.h */,
				B9E3E5A01BD7268B0053A054 /* ViewController+MASAdditions.h */,
				B9E3E5A11BD7268B0053A054 /* ViewController+MASAdditions.m */,
			);
			path = Masonry;
			sourceTree = "<group>";
		};
		B9E3E5A21BD7268B0053A054 /* MJExtension */ = {
			isa = PBXGroup;
			children = (
				B9E3E5A31BD7268B0053A054 /* MJExtension.h */,
				B9E3E5A41BD7268B0053A054 /* MJExtensionConst.h */,
				B9E3E5A51BD7268B0053A054 /* MJExtensionConst.m */,
				B9E3E5A61BD7268B0053A054 /* MJFoundation.h */,
				B9E3E5A71BD7268B0053A054 /* MJFoundation.m */,
				B9E3E5A81BD7268B0053A054 /* MJProperty.h */,
				B9E3E5A91BD7268B0053A054 /* MJProperty.m */,
				B9E3E5AA1BD7268B0053A054 /* MJType.h */,
				B9E3E5AB1BD7268B0053A054 /* MJType.m */,
				B9E3E5AC1BD7268B0053A054 /* NSObject+MJCoding.h */,
				B9E3E5AD1BD7268B0053A054 /* NSObject+MJCoding.m */,
				B9E3E5AE1BD7268B0053A054 /* NSObject+MJKeyValue.h */,
				B9E3E5AF1BD7268B0053A054 /* NSObject+MJKeyValue.m */,
				B9E3E5B01BD7268B0053A054 /* NSObject+MJProperty.h */,
				B9E3E5B11BD7268B0053A054 /* NSObject+MJProperty.m */,
				B9E3E5B21BD7268B0053A054 /* NSString+MJExtension.h */,
				B9E3E5B31BD7268B0053A054 /* NSString+MJExtension.m */,
			);
			path = MJExtension;
			sourceTree = "<group>";
		};
		B9E3E5D11BD740950053A054 /* Category */ = {
			isa = PBXGroup;
			children = (
				B9E3E5D21BD740B90053A054 /* NSString+JWExtension.h */,
				B9E3E5D31BD740B90053A054 /* NSString+JWExtension.m */,
				B94E80421BD7C9AB004CE4AC /* CALayer+JWExtension.h */,
				B94E80431BD7C9AB004CE4AC /* CALayer+JWExtension.m */,
			);
			path = Category;
			sourceTree = "<group>";
		};
		B9E528B81BD69D9C0005706D = {
			isa = PBXGroup;
			children = (
				B9E528C31BD69D9C0005706D /* QQMusic */,
				B9E528DD1BD69D9C0005706D /* QQMusicTests */,
				B9E528E81BD69D9C0005706D /* QQMusicUITests */,
				B9E528C21BD69D9C0005706D /* Products */,
			);
			sourceTree = "<group>";
		};
		B9E528C21BD69D9C0005706D /* Products */ = {
			isa = PBXGroup;
			children = (
				B9E528C11BD69D9C0005706D /* QQMusic.app */,
				B9E528DA1BD69D9C0005706D /* QQMusicTests.xctest */,
				B9E528E51BD69D9C0005706D /* QQMusicUITests.xctest */,
			);
			name = Products;
			sourceTree = "<group>";
		};
		B9E528C31BD69D9C0005706D /* QQMusic */ = {
			isa = PBXGroup;
			children = (
				B9E528F71BD6A58D0005706D /* Classes */,
				B9E528C41BD69D9C0005706D /* Supporting Files */,
				B9E528CD1BD69D9C0005706D /* Main.storyboard */,
				B9E528D01BD69D9C0005706D /* Assets.xcassets */,
				B9E528D51BD69D9C0005706D /* Info.plist */,
			);
			path = QQMusic;
			sourceTree = "<group>";
		};
		B9E528C41BD69D9C0005706D /* Supporting Files */ = {
			isa = PBXGroup;
			children = (
				B9E529021BD6A8880005706D /* Resources */,
			);
			name = "Supporting Files";
			sourceTree = "<group>";
		};
		B9E528DD1BD69D9C0005706D /* QQMusicTests */ = {
			isa = PBXGroup;
			children = (
				B9E528DE1BD69D9C0005706D /* QQMusicTests.m */,
				B9E528E01BD69D9C0005706D /* Info.plist */,
			);
			path = QQMusicTests;
			sourceTree = "<group>";
		};
		B9E528E81BD69D9C0005706D /* QQMusicUITests */ = {
			isa = PBXGroup;
			children = (
				B9E528E91BD69D9C0005706D /* QQMusicUITests.m */,
				B9E528EB1BD69D9C0005706D /* Info.plist */,
			);
			path = QQMusicUITests;
			sourceTree = "<group>";
		};
		B9E528F71BD6A58D0005706D /* Classes */ = {
			isa = PBXGroup;
			children = (
				B9E528FE1BD6A58D0005706D /* Tool */,
				B9E528F91BD6A58D0005706D /* Model */,
				B9E528FF1BD6A58D0005706D /* View */,
				B9E528F81BD6A58D0005706D /* Controller */,
				B9E528FA1BD6A58D0005706D /* Other */,
			);
			path = Classes;
			sourceTree = "<group>";
		};
		B9E528F81BD6A58D0005706D /* Controller */ = {
			isa = PBXGroup;
			children = (
				B9E529581BD6BDAE0005706D /* JWPlayingViewController.h */,
				B9E529591BD6BDAE0005706D /* JWPlayingViewController.m */,
			);
			path = Controller;
			sourceTree = "<group>";
		};
		B9E528F91BD6A58D0005706D /* Model */ = {
			isa = PBXGroup;
			children = (
				B9E3E5CB1BD73A590053A054 /* JWMusic.h */,
				B9E3E5CC1BD73A590053A054 /* JWMusic.m */,
				B93A7A2F1BD800C3006268F2 /* JWLrcLine.h */,
				B93A7A301BD800C3006268F2 /* JWLrcLine.m */,
			);
			path = Model;
			sourceTree = "<group>";
		};
		B9E528FA1BD6A58D0005706D /* Other */ = {
			isa = PBXGroup;
			children = (
				B9E3E5D11BD740950053A054 /* Category */,
				B9E3E5821BD7268B0053A054 /* Lib */,
				B9E528FB1BD6A58D0005706D /* AppDelegate.h */,
				B9E528FC1BD6A58D0005706D /* AppDelegate.m */,
				B9E528FD1BD6A58D0005706D /* main.m */,
			);
			path = Other;
			sourceTree = "<group>";
		};
		B9E528FE1BD6A58D0005706D /* Tool */ = {
			isa = PBXGroup;
			children = (
				B9E3E5C81BD726B90053A054 /* JWAudioTool.h */,
				B9E3E5C91BD726B90053A054 /* JWAudioTool.m */,
				B9E3E5CE1BD73A980053A054 /* JWMusicTool.h */,
				B9E3E5CF1BD73A980053A054 /* JWMusicTool.m */,
				B93A7A321BD80501006268F2 /* JWLrcTool.h */,
				B93A7A331BD80501006268F2 /* JWLrcTool.m */,
			);
			path = Tool;
			sourceTree = "<group>";
		};
		B9E528FF1BD6A58D0005706D /* View */ = {
			isa = PBXGroup;
			children = (
				B94E80451BD7D20B004CE4AC /* JWLrcScrollView.h */,
				B94E80461BD7D20B004CE4AC /* JWLrcScrollView.m */,
				B93A7A2C1BD7FC7F006268F2 /* JWLrcCell.h */,
				B93A7A2D1BD7FC7F006268F2 /* JWLrcCell.m */,
			);
			path = View;
			sourceTree = "<group>";
		};
		B9E529021BD6A8880005706D /* Resources */ = {
			isa = PBXGroup;
			children = (
				B9E529031BD6A8880005706D /* Images */,
				B9E529181BD6A8880005706D /* Lrcs */,
				B9E529231BD6A8880005706D /* MP3s */,
				B9E5292E1BD6A8880005706D /* Musics.plist */,
			);
			path = Resources;
			sourceTree = "<group>";
		};
		B9E529031BD6A8880005706D /* Images */ = {
			isa = PBXGroup;
			children = (
				B9E529041BD6A8880005706D /* bb@2x.jpg */,
				B9E529051BD6A8880005706D /* bb_icon@2x.jpg */,
				B9E529061BD6A8880005706D /* dzq@2x.jpg */,
				B9E529071BD6A8880005706D /* dzq_icon@2x.jpg */,
				B9E529081BD6A8880005706D /* eason@2x.jpg */,
				B9E529091BD6A8880005706D /* eason_icon@2x.jpg */,
				B9E5290A1BD6A8880005706D /* jay@2x.jpg */,
				B9E5290B1BD6A8880005706D /* jay_icon@2x.png */,
				B9E5290C1BD6A8880005706D /* jj@2x.jpg */,
				B9E5290D1BD6A8880005706D /* jj_icon@2x.png */,
				B9E5290E1BD6A8880005706D /* kzxd@2x.jpg */,
				B9E5290F1BD6A8880005706D /* kzxd_icon@2x.jpg */,
				B9E529101BD6A8880005706D /* lkq@2x.jpg */,
				B9E529111BD6A8880005706D /* lkq_icon@2x.jpg */,
				B9E529121BD6A8880005706D /* nanquan@2x.jpg */,
				B9E529131BD6A8880005706D /* nanquan_icon@2x.jpg */,
				B9E529141BD6A8880005706D /* wf@2x.jpg */,
				B9E529151BD6A8880005706D /* wf_icon@2x.jpg */,
				B9E529161BD6A8880005706D /* zxy@2x.jpg */,
				B9E529171BD6A8880005706D /* zxy_icon@2x.jpg */,
			);
			path = Images;
			sourceTree = "<group>";
		};
		B9E529181BD6A8880005706D /* Lrcs */ = {
			isa = PBXGroup;
			children = (
				B9E529191BD6A8880005706D /* 10405520.lrc */,
				B9E5291A1BD6A8880005706D /* 10736444.lrc */,
				B9E5291B1BD6A8880005706D /* 120125029.lrc */,
				B9E5291C1BD6A8880005706D /* 12309111.lrc */,
				B9E5291D1BD6A8880005706D /* 14945107.lrc */,
				B9E5291E1BD6A8880005706D /* 235319.lrc */,
				B9E5291F1BD6A8880005706D /* 255319.lrc */,
				B9E529201BD6A8880005706D /* 309769.lrc */,
				B9E529211BD6A8880005706D /* 339744.lrc */,
				B9E529221BD6A8880005706D /* 月半小夜曲.lrc */,
			);
			path = Lrcs;
			sourceTree = "<group>";
		};
		B9E529231BD6A8880005706D /* MP3s */ = {
			isa = PBXGroup;
			children = (
				B9E529241BD6A8880005706D /* 10405520.mp3 */,
				B9E529251BD6A8880005706D /* 10736444.mp3 */,
				B9E529261BD6A8880005706D /* 1201111234.mp3 */,
				B9E529271BD6A8880005706D /* 120125029.mp3 */,
				B9E529281BD6A8880005706D /* 12309111.mp3 */,
				B9E529291BD6A8880005706D /* 14945107.mp3 */,
				B9E5292A1BD6A8880005706D /* 235319.mp3 */,
				B9E5292B1BD6A8880005706D /* 255319.mp3 */,
				B9E5292C1BD6A8880005706D /* 309769.mp3 */,
				B9E5292D1BD6A8880005706D /* 339744.mp3 */,
			);
			path = MP3s;
			sourceTree = "<group>";
		};
/* End PBXGroup section */

/* Begin PBXNativeTarget section */
		B9E528C01BD69D9C0005706D /* QQMusic */ = {
			isa = PBXNativeTarget;
			buildConfigurationList = B9E528EE1BD69D9C0005706D /* Build configuration list for PBXNativeTarget "QQMusic" */;
			buildPhases = (
				B9E528BD1BD69D9C0005706D /* Sources */,
				B9E528BE1BD69D9C0005706D /* Frameworks */,
				B9E528BF1BD69D9C0005706D /* Resources */,
			);
			buildRules = (
			);
			dependencies = (
			);
			name = QQMusic;
			productName = QQMusic;
			productReference = B9E528C11BD69D9C0005706D /* QQMusic.app */;
			productType = "com.apple.product-type.application";
		};
		B9E528D91BD69D9C0005706D /* QQMusicTests */ = {
			isa = PBXNativeTarget;
			buildConfigurationList = B9E528F11BD69D9C0005706D /* Build configuration list for PBXNativeTarget "QQMusicTests" */;
			buildPhases = (
				B9E528D61BD69D9C0005706D /* Sources */,
				B9E528D71BD69D9C0005706D /* Frameworks */,
				B9E528D81BD69D9C0005706D /* Resources */,
			);
			buildRules = (
			);
			dependencies = (
				B9E528DC1BD69D9C0005706D /* PBXTargetDependency */,
			);
			name = QQMusicTests;
			productName = QQMusicTests;
			productReference = B9E528DA1BD69D9C0005706D /* QQMusicTests.xctest */;
			productType = "com.apple.product-type.bundle.unit-test";
		};
		B9E528E41BD69D9C0005706D /* QQMusicUITests */ = {
			isa = PBXNativeTarget;
			buildConfigurationList = B9E528F41BD69D9C0005706D /* Build configuration list for PBXNativeTarget "QQMusicUITests" */;
			buildPhases = (
				B9E528E11BD69D9C0005706D /* Sources */,
				B9E528E21BD69D9C0005706D /* Frameworks */,
				B9E528E31BD69D9C0005706D /* Resources */,
			);
			buildRules = (
			);
			dependencies = (
				B9E528E71BD69D9C0005706D /* PBXTargetDependency */,
			);
			name = QQMusicUITests;
			productName = QQMusicUITests;
			productReference = B9E528E51BD69D9C0005706D /* QQMusicUITests.xctest */;
			productType = "com.apple.product-type.bundle.ui-testing";
		};
/* End PBXNativeTarget section */

/* Begin PBXProject section */
		B9E528B91BD69D9C0005706D /* Project object */ = {
			isa = PBXProject;
			attributes = {
				CLASSPREFIX = JW;
				LastUpgradeCheck = 0700;
				ORGANIZATIONNAME = "黄进文";
				TargetAttributes = {
					B9E528C01BD69D9C0005706D = {
						CreatedOnToolsVersion = 7.0;
					};
					B9E528D91BD69D9C0005706D = {
						CreatedOnToolsVersion = 7.0;
						TestTargetID = B9E528C01BD69D9C0005706D;
					};
					B9E528E41BD69D9C0005706D = {
						CreatedOnToolsVersion = 7.0;
						TestTargetID = B9E528C01BD69D9C0005706D;
					};
				};
			};
			buildConfigurationList = B9E528BC1BD69D9C0005706D /* Build configuration list for PBXProject "QQMusic" */;
			compatibilityVersion = "Xcode 3.2";
			developmentRegion = English;
			hasScannedForEncodings = 0;
			knownRegions = (
				en,
				Base,
			);
			mainGroup = B9E528B81BD69D9C0005706D;
			productRefGroup = B9E528C21BD69D9C0005706D /* Products */;
			projectDirPath = "";
			projectRoot = "";
			targets = (
				B9E528C01BD69D9C0005706D /* QQMusic */,
				B9E528D91BD69D9C0005706D /* QQMusicTests */,
				B9E528E41BD69D9C0005706D /* QQMusicUITests */,
			);
		};
/* End PBXProject section */

/* Begin PBXResourcesBuildPhase section */
		B9E528BF1BD69D9C0005706D /* Resources */ = {
			isa = PBXResourcesBuildPhase;
			buildActionMask = 2147483647;
			files = (
				B9E529551BD6A8880005706D /* 309769.mp3 in Resources */,
				B9E529491BD6A8880005706D /* 255319.lrc in Resources */,
				B9E529521BD6A8880005706D /* 14945107.mp3 in Resources */,
				B9E529391BD6A8880005706D /* kzxd@2x.jpg in Resources */,
				B9E529341BD6A8880005706D /* eason_icon@2x.jpg in Resources */,
				B9E5292F1BD6A8880005706D /* bb@2x.jpg in Resources */,
				B9E529361BD6A8880005706D /* jay_icon@2x.png in Resources */,
				B9E5293A1BD6A8880005706D /* kzxd_icon@2x.jpg in Resources */,
				B9E529561BD6A8880005706D /* 339744.mp3 in Resources */,
				B9E529471BD6A8880005706D /* 14945107.lrc in Resources */,
				B9E5294C1BD6A8880005706D /* 月半小夜曲.lrc in Resources */,
				B9E529321BD6A8880005706D /* dzq_icon@2x.jpg in Resources */,
				B9E529501BD6A8880005706D /* 120125029.mp3 in Resources */,
				B9E528D11BD69D9C0005706D /* Assets.xcassets in Resources */,
				B9E529431BD6A8880005706D /* 10405520.lrc in Resources */,
				B9E5294F1BD6A8880005706D /* 1201111234.mp3 in Resources */,
				B9E5293B1BD6A8880005706D /* lkq@2x.jpg in Resources */,
				B9E5293C1BD6A8880005706D /* lkq_icon@2x.jpg in Resources */,
				B9E528CF1BD69D9C0005706D /* Main.storyboard in Resources */,
				B9E529301BD6A8880005706D /* bb_icon@2x.jpg in Resources */,
				B9E529411BD6A8880005706D /* zxy@2x.jpg in Resources */,
				B9E5294D1BD6A8880005706D /* 10405520.mp3 in Resources */,
				B9E529451BD6A8880005706D /* 120125029.lrc in Resources */,
				B9E529381BD6A8880005706D /* jj_icon@2x.png in Resources */,
				B9E529481BD6A8880005706D /* 235319.lrc in Resources */,
				B9E529401BD6A8880005706D /* wf_icon@2x.jpg in Resources */,
				B9E529571BD6A8880005706D /* Musics.plist in Resources */,
				B9E529331BD6A8880005706D /* eason@2x.jpg in Resources */,
				B9E529541BD6A8880005706D /* 255319.mp3 in Resources */,
				B9E529461BD6A8880005706D /* 12309111.lrc in Resources */,
				B9E529511BD6A8880005706D /* 12309111.mp3 in Resources */,
				B9E5294B1BD6A8880005706D /* 339744.lrc in Resources */,
				B9E5294A1BD6A8880005706D /* 309769.lrc in Resources */,
				B9E529441BD6A8880005706D /* 10736444.lrc in Resources */,
				B9E529531BD6A8880005706D /* 235319.mp3 in Resources */,
				B9E5293F1BD6A8880005706D /* wf@2x.jpg in Resources */,
				B9E529351BD6A8880005706D /* jay@2x.jpg in Resources */,
				B9E5293E1BD6A8880005706D /* nanquan_icon@2x.jpg in Resources */,
				B9E5293D1BD6A8880005706D /* nanquan@2x.jpg in Resources */,
				B9E529421BD6A8880005706D /* zxy_icon@2x.jpg in Resources */,
				B9E5294E1BD6A8880005706D /* 10736444.mp3 in Resources */,
				B9E529311BD6A8880005706D /* dzq@2x.jpg in Resources */,
				B9E529371BD6A8880005706D /* jj@2x.jpg in Resources */,
			);
			runOnlyForDeploymentPostprocessing = 0;
		};
		B9E528D81BD69D9C0005706D /* Resources */ = {
			isa = PBXResourcesBuildPhase;
			buildActionMask = 2147483647;
			files = (
			);
			runOnlyForDeploymentPostprocessing = 0;
		};
		B9E528E31BD69D9C0005706D /* Resources */ = {
			isa = PBXResourcesBuildPhase;
			buildActionMask = 2147483647;
			files = (
			);
			runOnlyForDeploymentPostprocessing = 0;
		};
/* End PBXResourcesBuildPhase section */

/* Begin PBXSourcesBuildPhase section */
		B9E528BD1BD69D9C0005706D /* Sources */ = {
			isa = PBXSourcesBuildPhase;
			buildActionMask = 2147483647;
			files = (
				B9E3E5BD1BD7268B0053A054 /* NSLayoutConstraint+MASDebugAdditions.m in Sources */,
				B9E529011BD6A58D0005706D /* main.m in Sources */,
				B9E3E5BB1BD7268B0053A054 /* MASViewConstraint.m in Sources */,
				B9E5295A1BD6BDAE0005706D /* JWPlayingViewController.m in Sources */,
				B93A7A2E1BD7FC7F006268F2 /* JWLrcCell.m in Sources */,
				B9E3E5D01BD73A980053A054 /* JWMusicTool.m in Sources */,
				B93A7A341BD80501006268F2 /* JWLrcTool.m in Sources */,
				B9E3E5C41BD7268B0053A054 /* NSObject+MJCoding.m in Sources */,
				B9E529001BD6A58D0005706D /* AppDelegate.m in Sources */,
				B9E3E5B51BD7268B0053A054 /* UIImage+BoxBlur.m in Sources */,
				B9E3E5BE1BD7268B0053A054 /* View+MASAdditions.m in Sources */,
				B9E3E5B61BD7268B0053A054 /* MASCompositeConstraint.m in Sources */,
				B9E3E5CA1BD726B90053A054 /* JWAudioTool.m in Sources */,
				B9E3E5C01BD7268B0053A054 /* MJExtensionConst.m in Sources */,
				B9E3E5C51BD7268B0053A054 /* NSObject+MJKeyValue.m in Sources */,
				B93A7A311BD800C3006268F2 /* JWLrcLine.m in Sources */,
				B9E3E5BA1BD7268B0053A054 /* MASViewAttribute.m in Sources */,
				B94E80441BD7C9AB004CE4AC /* CALayer+JWExtension.m in Sources */,
				B9E3E5B81BD7268B0053A054 /* MASConstraintMaker.m in Sources */,
				B9E3E5C61BD7268B0053A054 /* NSObject+MJProperty.m in Sources */,
				B9E3E5BC1BD7268B0053A054 /* NSArray+MASAdditions.m in Sources */,
				B9E3E5BF1BD7268B0053A054 /* ViewController+MASAdditions.m in Sources */,
				B94E80471BD7D20B004CE4AC /* JWLrcScrollView.m in Sources */,
				B9E3E5C21BD7268B0053A054 /* MJProperty.m in Sources */,
				B9E3E5D41BD740B90053A054 /* NSString+JWExtension.m in Sources */,
				B9E3E5C31BD7268B0053A054 /* MJType.m in Sources */,
				B9E3E5B71BD7268B0053A054 /* MASConstraint.m in Sources */,
				B9E3E5CD1BD73A590053A054 /* JWMusic.m in Sources */,
				B9E3E5C71BD7268B0053A054 /* NSString+MJExtension.m in Sources */,
				B9E3E5B91BD7268B0053A054 /* MASLayoutConstraint.m in Sources */,
				B9E3E5B41BD7268B0053A054 /* DRNRealTimeBlurView.m in Sources */,
				B9E3E5C11BD7268B0053A054 /* MJFoundation.m in Sources */,
			);
			runOnlyForDeploymentPostprocessing = 0;
		};
		B9E528D61BD69D9C0005706D /* Sources */ = {
			isa = PBXSourcesBuildPhase;
			buildActionMask = 2147483647;
			files = (
				B9E528DF1BD69D9C0005706D /* QQMusicTests.m in Sources */,
			);
			runOnlyForDeploymentPostprocessing = 0;
		};
		B9E528E11BD69D9C0005706D /* Sources */ = {
			isa = PBXSourcesBuildPhase;
			buildActionMask = 2147483647;
			files = (
				B9E528EA1BD69D9C0005706D /* QQMusicUITests.m in Sources */,
			);
			runOnlyForDeploymentPostprocessing = 0;
		};
/* End PBXSourcesBuildPhase section */

/* Begin PBXTargetDependency section */
		B9E528DC1BD69D9C0005706D /* PBXTargetDependency */ = {
			isa = PBXTargetDependency;
			target = B9E528C01BD69D9C0005706D /* QQMusic */;
			targetProxy = B9E528DB1BD69D9C0005706D /* PBXContainerItemProxy */;
		};
		B9E528E71BD69D9C0005706D /* PBXTargetDependency */ = {
			isa = PBXTargetDependency;
			target = B9E528C01BD69D9C0005706D /* QQMusic */;
			targetProxy = B9E528E61BD69D9C0005706D /* PBXContainerItemProxy */;
		};
/* End PBXTargetDependency section */

/* Begin PBXVariantGroup section */
		B9E528CD1BD69D9C0005706D /* Main.storyboard */ = {
			isa = PBXVariantGroup;
			children = (
				B9E528CE1BD69D9C0005706D /* Base */,
			);
			name = Main.storyboard;
			sourceTree = "<group>";
		};
/* End PBXVariantGroup section */

/* Begin XCBuildConfiguration section */
		B9E528EC1BD69D9C0005706D /* Debug */ = {
			isa = XCBuildConfiguration;
			buildSettings = {
				ALWAYS_SEARCH_USER_PATHS = NO;
				CLANG_CXX_LANGUAGE_STANDARD = "gnu++0x";
				CLANG_CXX_LIBRARY = "libc++";
				CLANG_ENABLE_MODULES = YES;
				CLANG_ENABLE_OBJC_ARC = YES;
				CLANG_WARN_BOOL_CONVERSION = YES;
				CLANG_WARN_CONSTANT_CONVERSION = YES;
				CLANG_WARN_DIRECT_OBJC_ISA_USAGE = YES_ERROR;
				CLANG_WARN_EMPTY_BODY = YES;
				CLANG_WARN_ENUM_CONVERSION = YES;
				CLANG_WARN_INT_CONVERSION = YES;
				CLANG_WARN_OBJC_ROOT_CLASS = YES_ERROR;
				CLANG_WARN_UNREACHABLE_CODE = YES;
				CLANG_WARN__DUPLICATE_METHOD_MATCH = YES;
				"CODE_SIGN_IDENTITY[sdk=iphoneos*]" = "iPhone Developer";
				COPY_PHASE_STRIP = NO;
				DEBUG_INFORMATION_FORMAT = dwarf;
				ENABLE_STRICT_OBJC_MSGSEND = YES;
				ENABLE_TESTABILITY = YES;
				GCC_C_LANGUAGE_STANDARD = gnu99;
				GCC_DYNAMIC_NO_PIC = NO;
				GCC_NO_COMMON_BLOCKS = YES;
				GCC_OPTIMIZATION_LEVEL = 0;
				GCC_PREPROCESSOR_DEFINITIONS = (
					"DEBUG=1",
					"$(inherited)",
				);
				GCC_WARN_64_TO_32_BIT_CONVERSION = YES;
				GCC_WARN_ABOUT_RETURN_TYPE = YES_ERROR;
				GCC_WARN_UNDECLARED_SELECTOR = YES;
				GCC_WARN_UNINITIALIZED_AUTOS = YES_AGGRESSIVE;
				GCC_WARN_UNUSED_FUNCTION = YES;
				GCC_WARN_UNUSED_VARIABLE = YES;
				IPHONEOS_DEPLOYMENT_TARGET = 9.0;
				MTL_ENABLE_DEBUG_INFO = YES;
				ONLY_ACTIVE_ARCH = YES;
				SDKROOT = iphoneos;
			};
			name = Debug;
		};
		B9E528ED1BD69D9C0005706D /* Release */ = {
			isa = XCBuildConfiguration;
			buildSettings = {
				ALWAYS_SEARCH_USER_PATHS = NO;
				CLANG_CXX_LANGUAGE_STANDARD = "gnu++0x";
				CLANG_CXX_LIBRARY = "libc++";
				CLANG_ENABLE_MODULES = YES;
				CLANG_ENABLE_OBJC_ARC = YES;
				CLANG_WARN_BOOL_CONVERSION = YES;
				CLANG_WARN_CONSTANT_CONVERSION = YES;
				CLANG_WARN_DIRECT_OBJC_ISA_USAGE = YES_ERROR;
				CLANG_WARN_EMPTY_BODY = YES;
				CLANG_WARN_ENUM_CONVERSION = YES;
				CLANG_WARN_INT_CONVERSION = YES;
				CLANG_WARN_OBJC_ROOT_CLASS = YES_ERROR;
				CLANG_WARN_UNREACHABLE_CODE = YES;
				CLANG_WARN__DUPLICATE_METHOD_MATCH = YES;
				"CODE_SIGN_IDENTITY[sdk=iphoneos*]" = "iPhone Developer";
				COPY_PHASE_STRIP = NO;
				DEBUG_INFORMATION_FORMAT = "dwarf-with-dsym";
				ENABLE_NS_ASSERTIONS = NO;
				ENABLE_STRICT_OBJC_MSGSEND = YES;
				GCC_C_LANGUAGE_STANDARD = gnu99;
				GCC_NO_COMMON_BLOCKS = YES;
				GCC_WARN_64_TO_32_BIT_CONVERSION = YES;
				GCC_WARN_ABOUT_RETURN_TYPE = YES_ERROR;
				GCC_WARN_UNDECLARED_SELECTOR = YES;
				GCC_WARN_UNINITIALIZED_AUTOS = YES_AGGRESSIVE;
				GCC_WARN_UNUSED_FUNCTION = YES;
				GCC_WARN_UNUSED_VARIABLE = YES;
				IPHONEOS_DEPLOYMENT_TARGET = 9.0;
				MTL_ENABLE_DEBUG_INFO = NO;
				SDKROOT = iphoneos;
				VALIDATE_PRODUCT = YES;
			};
			name = Release;
		};
		B9E528EF1BD69D9C0005706D /* Debug */ = {
			isa = XCBuildConfiguration;
			buildSettings = {
				ASSETCATALOG_COMPILER_APPICON_NAME = AppIcon;
				ASSETCATALOG_COMPILER_LAUNCHIMAGE_NAME = BrandAsset;
				INFOPLIST_FILE = QQMusic/Info.plist;
				LD_RUNPATH_SEARCH_PATHS = "$(inherited) @executable_path/Frameworks";
				PRODUCT_BUNDLE_IDENTIFIER = com.520it.QQMusic;
				PRODUCT_NAME = "$(TARGET_NAME)";
			};
			name = Debug;
		};
		B9E528F01BD69D9C0005706D /* Release */ = {
			isa = XCBuildConfiguration;
			buildSettings = {
				ASSETCATALOG_COMPILER_APPICON_NAME = AppIcon;
				ASSETCATALOG_COMPILER_LAUNCHIMAGE_NAME = BrandAsset;
				INFOPLIST_FILE = QQMusic/Info.plist;
				LD_RUNPATH_SEARCH_PATHS = "$(inherited) @executable_path/Frameworks";
				PRODUCT_BUNDLE_IDENTIFIER = com.520it.QQMusic;
				PRODUCT_NAME = "$(TARGET_NAME)";
			};
			name = Release;
		};
		B9E528F21BD69D9C0005706D /* Debug */ = {
			isa = XCBuildConfiguration;
			buildSettings = {
				BUNDLE_LOADER = "$(TEST_HOST)";
				INFOPLIST_FILE = QQMusicTests/Info.plist;
				LD_RUNPATH_SEARCH_PATHS = "$(inherited) @executable_path/Frameworks @loader_path/Frameworks";
				PRODUCT_BUNDLE_IDENTIFIER = com.520it.QQMusicTests;
				PRODUCT_NAME = "$(TARGET_NAME)";
				TEST_HOST = "$(BUILT_PRODUCTS_DIR)/QQMusic.app/QQMusic";
			};
			name = Debug;
		};
		B9E528F31BD69D9C0005706D /* Release */ = {
			isa = XCBuildConfiguration;
			buildSettings = {
				BUNDLE_LOADER = "$(TEST_HOST)";
				INFOPLIST_FILE = QQMusicTests/Info.plist;
				LD_RUNPATH_SEARCH_PATHS = "$(inherited) @executable_path/Frameworks @loader_path/Frameworks";
				PRODUCT_BUNDLE_IDENTIFIER = com.520it.QQMusicTests;
				PRODUCT_NAME = "$(TARGET_NAME)";
				TEST_HOST = "$(BUILT_PRODUCTS_DIR)/QQMusic.app/QQMusic";
			};
			name = Release;
		};
		B9E528F51BD69D9C0005706D /* Debug */ = {
			isa = XCBuildConfiguration;
			buildSettings = {
				INFOPLIST_FILE = QQMusicUITests/Info.plist;
				LD_RUNPATH_SEARCH_PATHS = "$(inherited) @executable_path/Frameworks @loader_path/Frameworks";
				PRODUCT_BUNDLE_IDENTIFIER = com.520it.QQMusicUITests;
				PRODUCT_NAME = "$(TARGET_NAME)";
				TEST_TARGET_NAME = QQMusic;
				USES_XCTRUNNER = YES;
			};
			name = Debug;
		};
		B9E528F61BD69D9C0005706D /* Release */ = {
			isa = XCBuildConfiguration;
			buildSettings = {
				INFOPLIST_FILE = QQMusicUITests/Info.plist;
				LD_RUNPATH_SEARCH_PATHS = "$(inherited) @executable_path/Frameworks @loader_path/Frameworks";
				PRODUCT_BUNDLE_IDENTIFIER = com.520it.QQMusicUITests;
				PRODUCT_NAME = "$(TARGET_NAME)";
				TEST_TARGET_NAME = QQMusic;
				USES_XCTRUNNER = YES;
			};
			name = Release;
		};
/* End XCBuildConfiguration section */

/* Begin XCConfigurationList section */
		B9E528BC1BD69D9C0005706D /* Build configuration list for PBXProject "QQMusic" */ = {
			isa = XCConfigurationList;
			buildConfigurations = (
				B9E528EC1BD69D9C0005706D /* Debug */,
				B9E528ED1BD69D9C0005706D /* Release */,
			);
			defaultConfigurationIsVisible = 0;
			defaultConfigurationName = Release;
		};
		B9E528EE1BD69D9C0005706D /* Build configuration list for PBXNativeTarget "QQMusic" */ = {
			isa = XCConfigurationList;
			buildConfigurations = (
				B9E528EF1BD69D9C0005706D /* Debug */,
				B9E528F01BD69D9C0005706D /* Release */,
			);
			defaultConfigurationIsVisible = 0;
			defaultConfigurationName = Release;
		};
		B9E528F11BD69D9C0005706D /* Build configuration list for PBXNativeTarget "QQMusicTests" */ = {
			isa = XCConfigurationList;
			buildConfigurations = (
				B9E528F21BD69D9C0005706D /* Debug */,
				B9E528F31BD69D9C0005706D /* Release */,
			);
			defaultConfigurationIsVisible = 0;
			defaultConfigurationName = Release;
		};
		B9E528F41BD69D9C0005706D /* Build configuration list for PBXNativeTarget "QQMusicUITests" */ = {
			isa = XCConfigurationList;
			buildConfigurations = (
				B9E528F51BD69D9C0005706D /* Debug */,
				B9E528F61BD69D9C0005706D /* Release */,
			);
			defaultConfigurationIsVisible = 0;
			defaultConfigurationName = Release;
		};
/* End XCConfigurationList section */
	};
	rootObject = B9E528B91BD69D9C0005706D /* Project object */;
}
